{
  "nodes": {
    "defmacro-gensym": {
      "flake": false,
      "locked": {
        "lastModified": 1634660792,
        "narHash": "sha256-d3vU/yjFJjj2dmOo1ZsajWRDXD90XtZDSWLdIOn8Fcw=",
        "owner": "akater",
        "repo": "defmacro-gensym",
        "rev": "44f422fd8e420d5da5e6f2ea75379c9da71f1cd8",
        "type": "gitlab"
      },
      "original": {
        "owner": "akater",
        "repo": "defmacro-gensym",
        "type": "gitlab"
      }
    },
    "dendrite": {
      "flake": false,
      "locked": {
        "lastModified": 1634899224,
        "narHash": "sha256-8/J/RfQqwsLAuNxrZ0wypVbdXb2QUDr5O8LHoXtHf3c=",
        "owner": "matrix-org",
        "repo": "dendrite",
        "rev": "aa26c2ed5076a5c93680edb79236dfee16c7ae9f",
        "type": "github"
      },
      "original": {
        "owner": "matrix-org",
        "repo": "dendrite",
        "type": "github"
      }
    },
    "dendrite-demo-pinecone": {
      "inputs": {
        "dendrite": "dendrite",
        "flake-compat": "flake-compat",
        "flake-utils": [
          "flake-utils"
        ],
        "nixpkgs": [
          "nixpkgs"
        ]
      },
      "locked": {
        "lastModified": 1634908699,
        "narHash": "sha256-J3XYcrzAKN2FNQpsDVA7alHuGJyCeXizrBt3sRpwTog=",
        "owner": "bbigras",
        "repo": "dendrite-demo-pinecone",
        "rev": "fa4360712b5c40d1770d3d32c8805ee4bd86b63b",
        "type": "github"
      },
      "original": {
        "owner": "bbigras",
        "repo": "dendrite-demo-pinecone",
        "type": "github"
      }
    },
    "deploy-rs": {
      "inputs": {
        "flake-compat": "flake-compat_2",
        "nixpkgs": [
          "nixpkgs"
        ],
        "utils": [
          "flake-utils"
        ]
      },
      "locked": {
        "lastModified": 1632822684,
        "narHash": "sha256-lt7eayYmgsD5OQwpb1XYfHpxttn43bWo7G7hIJs+zJw=",
        "owner": "serokell",
        "repo": "deploy-rs",
        "rev": "9a02de4373e0ec272d08a417b269a28ac8b961b4",
        "type": "github"
      },
      "original": {
        "owner": "serokell",
        "repo": "deploy-rs",
        "type": "github"
      }
    },
    "emacs-ement": {
      "flake": false,
      "locked": {
        "lastModified": 1633622826,
        "narHash": "sha256-fq/0xdsPqRt4MNfBpnTe946PrTaulZV5Ko+8D8nnPAI=",
        "owner": "alphapapa",
        "repo": "ement.el",
        "rev": "c951737dc855604aba389166bb0e7366afadc533",
        "type": "github"
      },
      "original": {
        "owner": "alphapapa",
        "repo": "ement.el",
        "type": "github"
      }
    },
    "emacs-ement-extras": {
      "flake": false,
      "locked": {
        "lastModified": 1634660727,
        "narHash": "sha256-HZaEufYwFjUlNBwwJHwyfPpi1unUUHMcCJLWJWdMVYk=",
        "owner": "akater",
        "repo": "emacs-ement-extras",
        "rev": "ecb32982004dbb5a81853fa3284323f18fbb24a7",
        "type": "gitlab"
      },
      "original": {
        "owner": "akater",
        "ref": "release",
        "repo": "emacs-ement-extras",
        "type": "gitlab"
      }
    },
    "emacs-overlay": {
      "locked": {
        "lastModified": 1635039860,
        "narHash": "sha256-1WcniOsFlLmyMbDu+TdmN0fuxto72EP/3XUoO+gy16g=",
        "owner": "nix-community",
        "repo": "emacs-overlay",
        "rev": "54ffb3131da098fa8de183a09c35773c83282137",
        "type": "github"
      },
      "original": {
        "owner": "nix-community",
        "repo": "emacs-overlay",
        "type": "github"
      }
    },
    "emacs-plz": {
      "flake": false,
      "locked": {
        "lastModified": 1629652573,
        "narHash": "sha256-8kn9ax1AVF6f9iCTqvVeJZihs03pYAhLjUDooG/ubxY=",
        "owner": "alphapapa",
        "repo": "plz.el",
        "rev": "7e456638a651bab3a814e3ea81742dd917509cbb",
        "type": "github"
      },
      "original": {
        "owner": "alphapapa",
        "repo": "plz.el",
        "type": "github"
      }
    },
    "flake-compat": {
      "flake": false,
      "locked": {
        "lastModified": 1627913399,
        "narHash": "sha256-hY8g6H2KFL8ownSiFeMOjwPC8P0ueXpCVEbxgda3pko=",
        "owner": "edolstra",
        "repo": "flake-compat",
        "rev": "12c64ca55c1014cdc1b16ed5a804aa8576601ff2",
        "type": "github"
      },
      "original": {
        "owner": "edolstra",
        "repo": "flake-compat",
        "type": "github"
      }
    },
    "flake-compat_2": {
      "flake": false,
      "locked": {
        "lastModified": 1627913399,
        "narHash": "sha256-hY8g6H2KFL8ownSiFeMOjwPC8P0ueXpCVEbxgda3pko=",
        "owner": "edolstra",
        "repo": "flake-compat",
        "rev": "12c64ca55c1014cdc1b16ed5a804aa8576601ff2",
        "type": "github"
      },
      "original": {
        "owner": "edolstra",
        "repo": "flake-compat",
        "type": "github"
      }
    },
    "flake-utils": {
      "locked": {
        "lastModified": 1634851050,
        "narHash": "sha256-N83GlSGPJJdcqhUxSCS/WwW5pksYf3VP1M13cDRTSVA=",
        "owner": "numtide",
        "repo": "flake-utils",
        "rev": "c91f3de5adaf1de973b797ef7485e441a65b8935",
        "type": "github"
      },
      "original": {
        "owner": "numtide",
        "repo": "flake-utils",
        "type": "github"
      }
    },
    "home-manager": {
      "inputs": {
        "nixpkgs": [
          "nixpkgs"
        ]
      },
      "locked": {
        "lastModified": 1635017514,
        "narHash": "sha256-tdV/y8nJZqKDoqFVE8ORB0drdGdSze2xeWfhWz9M3oo=",
        "owner": "nix-community",
        "repo": "home-manager",
        "rev": "406eeec0b98903561767ce7aca311034d298d53e",
        "type": "github"
      },
      "original": {
        "owner": "nix-community",
        "repo": "home-manager",
        "type": "github"
      }
    },
    "impermanence": {
      "locked": {
        "lastModified": 1611747548,
        "narHash": "sha256-2z5wmWda1uI4IkTZrW52jiHq3bzhYLc+GgjvaSd544M=",
        "owner": "nix-community",
        "repo": "impermanence",
        "rev": "58558845bc68dcf2bb32caa80564f7fe3f6cbc61",
        "type": "github"
      },
      "original": {
        "owner": "nix-community",
        "repo": "impermanence",
        "type": "github"
      }
    },
    "nix-on-droid": {
      "inputs": {
        "flake-utils": [
          "flake-utils"
        ],
        "home-manager": [
          "home-manager"
        ],
        "nixpkgs": [
          "nixpkgs"
        ]
      },
      "locked": {
        "lastModified": 1634897356,
        "narHash": "sha256-ympsKl6H5v68A6+rW9OvmUlzeSDWffpGyZGY0Ms7otI=",
        "owner": "t184256",
        "repo": "nix-on-droid",
        "rev": "5c838f508bfc71a5599522b6f181d9a9324506e2",
        "type": "github"
      },
      "original": {
        "owner": "t184256",
        "repo": "nix-on-droid",
        "type": "github"
      }
    },
    "nixos-hardware": {
      "locked": {
        "lastModified": 1633793047,
        "narHash": "sha256-XSMlHMVPKwcEqyHGdFj/ZeGMeZeKNwVExOfLlxcg4oE=",
        "owner": "NixOS",
        "repo": "nixos-hardware",
        "rev": "3aabf78bfcae62f5f99474f2ebbbe418f1c6e54f",
        "type": "github"
      },
      "original": {
        "id": "nixos-hardware",
        "type": "indirect"
      }
    },
    "nixpkgs": {
      "locked": {
        "lastModified": 1634782485,
        "narHash": "sha256-psfh4OQSokGXG0lpq3zKFbhOo3QfoeudRcaUnwMRkQo=",
        "owner": "NixOS",
        "repo": "nixpkgs",
        "rev": "34ad3ffe08adfca17fcb4e4a47bb5f3b113687be",
        "type": "github"
      },
      "original": {
        "id": "nixpkgs",
        "ref": "nixos-unstable",
        "type": "indirect"
      }
    },
    "nur": {
      "locked": {
        "lastModified": 1635056151,
        "narHash": "sha256-R8O1YdF2DkT1wcw7IjzqlfgyWLkS4CQPHQCLxzCN92o=",
        "owner": "nix-community",
        "repo": "NUR",
        "rev": "6c2b16ee0ae78c2dc8affaaff4796f92abbaf7c6",
        "type": "github"
      },
      "original": {
        "id": "nur",
        "type": "indirect"
      }
    },
    "pre-commit-hooks": {
      "inputs": {
        "flake-utils": [
          "flake-utils"
        ],
        "nixpkgs": [
          "nixpkgs"
        ]
      },
      "locked": {
        "lastModified": 1634595438,
        "narHash": "sha256-hV9D41fqTateTligwNd9dmJKQ0R0w6RpCN92xR3LhHk=",
        "owner": "cachix",
        "repo": "pre-commit-hooks.nix",
        "rev": "06fa80325b6fe3b28d136071dd0ce55d4817e9fd",
        "type": "github"
      },
      "original": {
        "owner": "cachix",
        "repo": "pre-commit-hooks.nix",
        "type": "github"
      }
    },
    "root": {
      "inputs": {
        "defmacro-gensym": "defmacro-gensym",
        "dendrite-demo-pinecone": "dendrite-demo-pinecone",
        "deploy-rs": "deploy-rs",
        "emacs-ement": "emacs-ement",
        "emacs-ement-extras": "emacs-ement-extras",
        "emacs-overlay": "emacs-overlay",
        "emacs-plz": "emacs-plz",
        "flake-utils": "flake-utils",
        "home-manager": "home-manager",
        "impermanence": "impermanence",
        "nix-on-droid": "nix-on-droid",
        "nixos-hardware": "nixos-hardware",
        "nixpkgs": "nixpkgs",
        "nur": "nur",
        "pre-commit-hooks": "pre-commit-hooks",
        "sops-nix": "sops-nix"
      }
    },
    "sops-nix": {
      "inputs": {
        "nixpkgs": [
          "nixpkgs"
        ]
      },
      "locked": {
        "lastModified": 1633273832,
        "narHash": "sha256-oOjpMVYpkIUpiML61PeqTk+sg4juRvF7P6jroI/YvTw=",
        "owner": "Mic92",
        "repo": "sops-nix",
        "rev": "2e86e1698d53e5bd71d9de5f8b7e8f2f5458633c",
        "type": "github"
      },
      "original": {
        "owner": "Mic92",
        "repo": "sops-nix",
        "type": "github"
      }
    }
  },
  "root": "root",
  "version": 7
}
